
Microsoft Visual Studio Solution File, Format Version 12.00
# Visual Studio Version 17
VisualStudioVersion = 17.5.33414.496
MinimumVisualStudioVersion = 10.0.40219.1
Project("{9A19103F-16F7-4668-BE54-9A1E7A4F7556}") = "NameGenerator", "NameGenerator.csproj", "{13A64161-1201-470E-97FD-1251FBC77E4B}"
EndProject
Global
	GlobalSection(SolutionConfigurationPlatforms) = preSolution
		Debug|Any CPU = Debug|Any CPU
		Release|Any CPU = Release|Any CPU
	EndGlobalSection
	GlobalSection(ProjectConfigurationPlatforms) = postSolution
		{13A64161-1201-470E-97FD-1251FBC77E4B}.Debug|Any CPU.ActiveCfg = Debug|Any CPU
		{13A64161-1201-470E-97FD-1251FBC77E4B}.Debug|Any CPU.Build.0 = Debug|Any CPU
		{13A64161-1201-470E-97FD-1251FBC77E4B}.Release|Any CPU.ActiveCfg = Release|Any CPU
		{13A64161-1201-470E-97FD-1251FBC77E4B}.Release|Any CPU.Build.0 = Release|Any CPU
	EndGlobalSection
	GlobalSection(SolutionProperties) = preSolution
		HideSolutionNode = FALSE
	EndGlobalSection
	GlobalSection(ExtensibilityGlobals) = postSolution
		SolutionGuid = {7FF449E4-3BB3-4A66-B1FA-224E04DBF47C}
	EndGlobalSection
EndGlobal
